
Microsoft Visual Studio Solution File, Format Version 12.00
# Visual Studio Version 16
VisualStudioVersion = 16.0.29613.14
MinimumVisualStudioVersion = 10.0.40219.1
Project("{9A19103F-16F7-4668-BE54-9A1E7A4F7556}") = "ArchitectureOnion.API", "ArchitectureOnion.API\ArchitectureOnion.API.csproj", "{99CEBF89-D7AD-47CD-A3D9-733134F33535}"
EndProject
Project("{9A19103F-16F7-4668-BE54-9A1E7A4F7556}") = "ArchitectureOnion.Logic", "ArchitectureOnion.Logic\ArchitectureOnion.Logic.csproj", "{0578BB1C-3AC7-4ACA-8B12-10CDB82A2936}"
EndProject
Project("{9A19103F-16F7-4668-BE54-9A1E7A4F7556}") = "ArchitectureOnion.UnitTest", "ArchitectureOnion.UnitTest\ArchitectureOnion.UnitTest.csproj", "{F3484D9F-C52B-4DD2-AF86-D77878DA21C4}"
EndProject
Project("{9A19103F-16F7-4668-BE54-9A1E7A4F7556}") = "ArchitectureOnion.DataAccess", "ArchitectureOnion.DataAccess\ArchitectureOnion.DataAccess.csproj", "{38BD3347-D344-41D7-ABE6-8BC95F4E9F15}"
EndProject
Project("{FAE04EC0-301F-11D3-BF4B-00C04F79EFBC}") = "ArchitectureOnion.Tools.CodeGeneration", "ArchitectureOnion.Tools.CodeGeneration\ArchitectureOnion.Tools.CodeGeneration.csproj", "{DA88F4B0-F714-4251-97B4-442627F3F3CB}"
EndProject
Global
	GlobalSection(SolutionConfigurationPlatforms) = preSolution
		Debug|Any CPU = Debug|Any CPU
		Release|Any CPU = Release|Any CPU
	EndGlobalSection
	GlobalSection(ProjectConfigurationPlatforms) = postSolution
		{99CEBF89-D7AD-47CD-A3D9-733134F33535}.Debug|Any CPU.ActiveCfg = Debug|Any CPU
		{99CEBF89-D7AD-47CD-A3D9-733134F33535}.Debug|Any CPU.Build.0 = Debug|Any CPU
		{99CEBF89-D7AD-47CD-A3D9-733134F33535}.Release|Any CPU.ActiveCfg = Release|Any CPU
		{99CEBF89-D7AD-47CD-A3D9-733134F33535}.Release|Any CPU.Build.0 = Release|Any CPU
		{0578BB1C-3AC7-4ACA-8B12-10CDB82A2936}.Debug|Any CPU.ActiveCfg = Debug|Any CPU
		{0578BB1C-3AC7-4ACA-8B12-10CDB82A2936}.Debug|Any CPU.Build.0 = Debug|Any CPU
		{0578BB1C-3AC7-4ACA-8B12-10CDB82A2936}.Release|Any CPU.ActiveCfg = Release|Any CPU
		{0578BB1C-3AC7-4ACA-8B12-10CDB82A2936}.Release|Any CPU.Build.0 = Release|Any CPU
		{F3484D9F-C52B-4DD2-AF86-D77878DA21C4}.Debug|Any CPU.ActiveCfg = Debug|Any CPU
		{F3484D9F-C52B-4DD2-AF86-D77878DA21C4}.Debug|Any CPU.Build.0 = Debug|Any CPU
		{F3484D9F-C52B-4DD2-AF86-D77878DA21C4}.Release|Any CPU.ActiveCfg = Release|Any CPU
		{F3484D9F-C52B-4DD2-AF86-D77878DA21C4}.Release|Any CPU.Build.0 = Release|Any CPU
		{38BD3347-D344-41D7-ABE6-8BC95F4E9F15}.Debug|Any CPU.ActiveCfg = Debug|Any CPU
		{38BD3347-D344-41D7-ABE6-8BC95F4E9F15}.Debug|Any CPU.Build.0 = Debug|Any CPU
		{38BD3347-D344-41D7-ABE6-8BC95F4E9F15}.Release|Any CPU.ActiveCfg = Release|Any CPU
		{38BD3347-D344-41D7-ABE6-8BC95F4E9F15}.Release|Any CPU.Build.0 = Release|Any CPU
		{DA88F4B0-F714-4251-97B4-442627F3F3CB}.Debug|Any CPU.ActiveCfg = Debug|Any CPU
		{DA88F4B0-F714-4251-97B4-442627F3F3CB}.Debug|Any CPU.Build.0 = Debug|Any CPU
		{DA88F4B0-F714-4251-97B4-442627F3F3CB}.Release|Any CPU.ActiveCfg = Release|Any CPU
		{DA88F4B0-F714-4251-97B4-442627F3F3CB}.Release|Any CPU.Build.0 = Release|Any CPU
	EndGlobalSection
	GlobalSection(SolutionProperties) = preSolution
		HideSolutionNode = FALSE
	EndGlobalSection
	GlobalSection(ExtensibilityGlobals) = postSolution
		SolutionGuid = {4C621364-EBB4-4E09-AC0C-F6216D1EE2D5}
	EndGlobalSection
EndGlobal
